
Microsoft Visual Studio Solution File, Format Version 12.00
# Visual Studio 14
VisualStudioVersion = 14.0.24720.0
MinimumVisualStudioVersion = 10.0.40219.1
Project("{FAE04EC0-301F-11D3-BF4B-00C04F79EFBC}") = "KompetansetorgetXamarin.Droid", "KompetansetorgetXamarin\KompetansetorgetXamarin.Droid\KompetansetorgetXamarin.Droid.csproj", "{41D3505B-D777-4E21-9C0D-F6FFE8846700}"
EndProject
Project("{FAE04EC0-301F-11D3-BF4B-00C04F79EFBC}") = "KompetansetorgetXamarin.iOS", "KompetansetorgetXamarin\KompetansetorgetXamarin.iOS\KompetansetorgetXamarin.iOS.csproj", "{ECDBD144-DA6B-453B-8C0E-6DFF6C056FEF}"
EndProject
Project("{FAE04EC0-301F-11D3-BF4B-00C04F79EFBC}") = "KompetansetorgetXamarin.WinPhone", "KompetansetorgetXamarin\KompetansetorgetXamarin.WinPhone\KompetansetorgetXamarin.WinPhone.csproj", "{D8A58D30-0162-4310-BB15-9CC864323556}"
EndProject
Project("{FAE04EC0-301F-11D3-BF4B-00C04F79EFBC}") = "KompetansetorgetXamarin", "KompetansetorgetXamarin\KompetansetorgetXamarin\KompetansetorgetXamarin.csproj", "{DC7DF577-BE3A-4FF2-996C-749C5673F9EE}"
EndProject
Global
	GlobalSection(SolutionConfigurationPlatforms) = preSolution
		Ad-Hoc|Any CPU = Ad-Hoc|Any CPU
		Ad-Hoc|ARM = Ad-Hoc|ARM
		Ad-Hoc|iPhone = Ad-Hoc|iPhone
		Ad-Hoc|iPhoneSimulator = Ad-Hoc|iPhoneSimulator
		Ad-Hoc|x86 = Ad-Hoc|x86
		AppStore|Any CPU = AppStore|Any CPU
		AppStore|ARM = AppStore|ARM
		AppStore|iPhone = AppStore|iPhone
		AppStore|iPhoneSimulator = AppStore|iPhoneSimulator
		AppStore|x86 = AppStore|x86
		Debug|Any CPU = Debug|Any CPU
		Debug|ARM = Debug|ARM
		Debug|iPhone = Debug|iPhone
		Debug|iPhoneSimulator = Debug|iPhoneSimulator
		Debug|x86 = Debug|x86
		Release|Any CPU = Release|Any CPU
		Release|ARM = Release|ARM
		Release|iPhone = Release|iPhone
		Release|iPhoneSimulator = Release|iPhoneSimulator
		Release|x86 = Release|x86
	EndGlobalSection
	GlobalSection(ProjectConfigurationPlatforms) = postSolution
		{41D3505B-D777-4E21-9C0D-F6FFE8846700}.Ad-Hoc|Any CPU.ActiveCfg = Release|Any CPU
		{41D3505B-D777-4E21-9C0D-F6FFE8846700}.Ad-Hoc|Any CPU.Build.0 = Release|Any CPU
		{41D3505B-D777-4E21-9C0D-F6FFE8846700}.Ad-Hoc|Any CPU.Deploy.0 = Release|Any CPU
		{41D3505B-D777-4E21-9C0D-F6FFE8846700}.Ad-Hoc|ARM.ActiveCfg = Release|Any CPU
		{41D3505B-D777-4E21-9C0D-F6FFE8846700}.Ad-Hoc|ARM.Build.0 = Release|Any CPU
		{41D3505B-D777-4E21-9C0D-F6FFE8846700}.Ad-Hoc|ARM.Deploy.0 = Release|Any CPU
		{41D3505B-D777-4E21-9C0D-F6FFE8846700}.Ad-Hoc|iPhone.ActiveCfg = Release|Any CPU
		{41D3505B-D777-4E21-9C0D-F6FFE8846700}.Ad-Hoc|iPhone.Build.0 = Release|Any CPU
		{41D3505B-D777-4E21-9C0D-F6FFE8846700}.Ad-Hoc|iPhone.Deploy.0 = Release|Any CPU
		{41D3505B-D777-4E21-9C0D-F6FFE8846700}.Ad-Hoc|iPhoneSimulator.ActiveCfg = Release|Any CPU
		{41D3505B-D777-4E21-9C0D-F6FFE8846700}.Ad-Hoc|iPhoneSimulator.Build.0 = Release|Any CPU
		{41D3505B-D777-4E21-9C0D-F6FFE8846700}.Ad-Hoc|iPhoneSimulator.Deploy.0 = Release|Any CPU
		{41D3505B-D777-4E21-9C0D-F6FFE8846700}.Ad-Hoc|x86.ActiveCfg = Release|Any CPU
		{41D3505B-D777-4E21-9C0D-F6FFE8846700}.Ad-Hoc|x86.Build.0 = Release|Any CPU
		{41D3505B-D777-4E21-9C0D-F6FFE8846700}.Ad-Hoc|x86.Deploy.0 = Release|Any CPU
		{41D3505B-D777-4E21-9C0D-F6FFE8846700}.AppStore|Any CPU.ActiveCfg = Release|Any CPU
		{41D3505B-D777-4E21-9C0D-F6FFE8846700}.AppStore|Any CPU.Build.0 = Release|Any CPU
		{41D3505B-D777-4E21-9C0D-F6FFE8846700}.AppStore|Any CPU.Deploy.0 = Release|Any CPU
		{41D3505B-D777-4E21-9C0D-F6FFE8846700}.AppStore|ARM.ActiveCfg = Release|Any CPU
		{41D3505B-D777-4E21-9C0D-F6FFE8846700}.AppStore|ARM.Build.0 = Release|Any CPU
		{41D3505B-D777-4E21-9C0D-F6FFE8846700}.AppStore|ARM.Deploy.0 = Release|Any CPU
		{41D3505B-D777-4E21-9C0D-F6FFE8846700}.AppStore|iPhone.ActiveCfg = Release|Any CPU
		{41D3505B-D777-4E21-9C0D-F6FFE8846700}.AppStore|iPhone.Build.0 = Release|Any CPU
		{41D3505B-D777-4E21-9C0D-F6FFE8846700}.AppStore|iPhone.Deploy.0 = Release|Any CPU
		{41D3505B-D777-4E21-9C0D-F6FFE8846700}.AppStore|iPhoneSimulator.ActiveCfg = Release|Any CPU
		{41D3505B-D777-4E21-9C0D-F6FFE8846700}.AppStore|iPhoneSimulator.Build.0 = Release|Any CPU
		{41D3505B-D777-4E21-9C0D-F6FFE8846700}.AppStore|iPhoneSimulator.Deploy.0 = Release|Any CPU
		{41D3505B-D777-4E21-9C0D-F6FFE8846700}.AppStore|x86.ActiveCfg = Release|Any CPU
		{41D3505B-D777-4E21-9C0D-F6FFE8846700}.AppStore|x86.Build.0 = Release|Any CPU
		{41D3505B-D777-4E21-9C0D-F6FFE8846700}.AppStore|x86.Deploy.0 = Release|Any CPU
		{41D3505B-D777-4E21-9C0D-F6FFE8846700}.Debug|Any CPU.ActiveCfg = Debug|Any CPU
		{41D3505B-D777-4E21-9C0D-F6FFE8846700}.Debug|Any CPU.Build.0 = Debug|Any CPU
		{41D3505B-D777-4E21-9C0D-F6FFE8846700}.Debug|Any CPU.Deploy.0 = Debug|Any CPU
		{41D3505B-D777-4E21-9C0D-F6FFE8846700}.Debug|ARM.ActiveCfg = Debug|Any CPU
		{41D3505B-D777-4E21-9C0D-F6FFE8846700}.Debug|ARM.Build.0 = Debug|Any CPU
		{41D3505B-D777-4E21-9C0D-F6FFE8846700}.Debug|ARM.Deploy.0 = Debug|Any CPU
		{41D3505B-D777-4E21-9C0D-F6FFE8846700}.Debug|iPhone.ActiveCfg = Debug|Any CPU
		{41D3505B-D777-4E21-9C0D-F6FFE8846700}.Debug|iPhone.Build.0 = Debug|Any CPU
		{41D3505B-D777-4E21-9C0D-F6FFE8846700}.Debug|iPhone.Deploy.0 = Debug|Any CPU
		{41D3505B-D777-4E21-9C0D-F6FFE8846700}.Debug|iPhoneSimulator.ActiveCfg = Debug|Any CPU
		{41D3505B-D777-4E21-9C0D-F6FFE8846700}.Debug|iPhoneSimulator.Build.0 = Debug|Any CPU
		{41D3505B-D777-4E21-9C0D-F6FFE8846700}.Debug|iPhoneSimulator.Deploy.0 = Debug|Any CPU
		{41D3505B-D777-4E21-9C0D-F6FFE8846700}.Debug|x86.ActiveCfg = Debug|Any CPU
		{41D3505B-D777-4E21-9C0D-F6FFE8846700}.Debug|x86.Build.0 = Debug|Any CPU
		{41D3505B-D777-4E21-9C0D-F6FFE8846700}.Debug|x86.Deploy.0 = Debug|Any CPU
		{41D3505B-D777-4E21-9C0D-F6FFE8846700}.Release|Any CPU.ActiveCfg = Release|Any CPU
		{41D3505B-D777-4E21-9C0D-F6FFE8846700}.Release|Any CPU.Build.0 = Release|Any CPU
		{41D3505B-D777-4E21-9C0D-F6FFE8846700}.Release|Any CPU.Deploy.0 = Release|Any CPU
		{41D3505B-D777-4E21-9C0D-F6FFE8846700}.Release|ARM.ActiveCfg = Release|Any CPU
		{41D3505B-D777-4E21-9C0D-F6FFE8846700}.Release|ARM.Build.0 = Release|Any CPU
		{41D3505B-D777-4E21-9C0D-F6FFE8846700}.Release|ARM.Deploy.0 = Release|Any CPU
		{41D3505B-D777-4E21-9C0D-F6FFE8846700}.Release|iPhone.ActiveCfg = Release|Any CPU
		{41D3505B-D777-4E21-9C0D-F6FFE8846700}.Release|iPhone.Build.0 = Release|Any CPU
		{41D3505B-D777-4E21-9C0D-F6FFE8846700}.Release|iPhone.Deploy.0 = Release|Any CPU
		{41D3505B-D777-4E21-9C0D-F6FFE8846700}.Release|iPhoneSimulator.ActiveCfg = Release|Any CPU
		{41D3505B-D777-4E21-9C0D-F6FFE8846700}.Release|iPhoneSimulator.Build.0 = Release|Any CPU
		{41D3505B-D777-4E21-9C0D-F6FFE8846700}.Release|iPhoneSimulator.Deploy.0 = Release|Any CPU
		{41D3505B-D777-4E21-9C0D-F6FFE8846700}.Release|x86.ActiveCfg = Release|Any CPU
		{41D3505B-D777-4E21-9C0D-F6FFE8846700}.Release|x86.Build.0 = Release|Any CPU
		{41D3505B-D777-4E21-9C0D-F6FFE8846700}.Release|x86.Deploy.0 = Release|Any CPU
		{ECDBD144-DA6B-453B-8C0E-6DFF6C056FEF}.Ad-Hoc|Any CPU.ActiveCfg = Ad-Hoc|iPhone
		{ECDBD144-DA6B-453B-8C0E-6DFF6C056FEF}.Ad-Hoc|ARM.ActiveCfg = Ad-Hoc|iPhone
		{ECDBD144-DA6B-453B-8C0E-6DFF6C056FEF}.Ad-Hoc|iPhone.ActiveCfg = Ad-Hoc|iPhone
		{ECDBD144-DA6B-453B-8C0E-6DFF6C056FEF}.Ad-Hoc|iPhone.Build.0 = Ad-Hoc|iPhone
		{ECDBD144-DA6B-453B-8C0E-6DFF6C056FEF}.Ad-Hoc|iPhoneSimulator.ActiveCfg = Ad-Hoc|iPhoneSimulator
		{ECDBD144-DA6B-453B-8C0E-6DFF6C056FEF}.Ad-Hoc|iPhoneSimulator.Build.0 = Ad-Hoc|iPhoneSimulator
		{ECDBD144-DA6B-453B-8C0E-6DFF6C056FEF}.Ad-Hoc|x86.ActiveCfg = Ad-Hoc|iPhone
		{ECDBD144-DA6B-453B-8C0E-6DFF6C056FEF}.AppStore|Any CPU.ActiveCfg = AppStore|iPhone
		{ECDBD144-DA6B-453B-8C0E-6DFF6C056FEF}.AppStore|ARM.ActiveCfg = AppStore|iPhone
		{ECDBD144-DA6B-453B-8C0E-6DFF6C056FEF}.AppStore|iPhone.ActiveCfg = AppStore|iPhone
		{ECDBD144-DA6B-453B-8C0E-6DFF6C056FEF}.AppStore|iPhone.Build.0 = AppStore|iPhone
		{ECDBD144-DA6B-453B-8C0E-6DFF6C056FEF}.AppStore|iPhoneSimulator.ActiveCfg = AppStore|iPhoneSimulator
		{ECDBD144-DA6B-453B-8C0E-6DFF6C056FEF}.AppStore|iPhoneSimulator.Build.0 = AppStore|iPhoneSimulator
		{ECDBD144-DA6B-453B-8C0E-6DFF6C056FEF}.AppStore|x86.ActiveCfg = AppStore|iPhone
		{ECDBD144-DA6B-453B-8C0E-6DFF6C056FEF}.Debug|Any CPU.ActiveCfg = Debug|iPhone
		{ECDBD144-DA6B-453B-8C0E-6DFF6C056FEF}.Debug|ARM.ActiveCfg = Debug|iPhone
		{ECDBD144-DA6B-453B-8C0E-6DFF6C056FEF}.Debug|iPhone.ActiveCfg = Debug|iPhone
		{ECDBD144-DA6B-453B-8C0E-6DFF6C056FEF}.Debug|iPhone.Build.0 = Debug|iPhone
		{ECDBD144-DA6B-453B-8C0E-6DFF6C056FEF}.Debug|iPhoneSimulator.ActiveCfg = Debug|iPhoneSimulator
		{ECDBD144-DA6B-453B-8C0E-6DFF6C056FEF}.Debug|iPhoneSimulator.Build.0 = Debug|iPhoneSimulator
		{ECDBD144-DA6B-453B-8C0E-6DFF6C056FEF}.Debug|x86.ActiveCfg = Debug|iPhone
		{ECDBD144-DA6B-453B-8C0E-6DFF6C056FEF}.Release|Any CPU.ActiveCfg = Release|iPhone
		{ECDBD144-DA6B-453B-8C0E-6DFF6C056FEF}.Release|ARM.ActiveCfg = Release|iPhone
		{ECDBD144-DA6B-453B-8C0E-6DFF6C056FEF}.Release|iPhone.ActiveCfg = Release|iPhone
		{ECDBD144-DA6B-453B-8C0E-6DFF6C056FEF}.Release|iPhone.Build.0 = Release|iPhone
		{ECDBD144-DA6B-453B-8C0E-6DFF6C056FEF}.Release|iPhoneSimulator.ActiveCfg = Release|iPhoneSimulator
		{ECDBD144-DA6B-453B-8C0E-6DFF6C056FEF}.Release|iPhoneSimulator.Build.0 = Release|iPhoneSimulator
		{ECDBD144-DA6B-453B-8C0E-6DFF6C056FEF}.Release|x86.ActiveCfg = Release|iPhone
		{D8A58D30-0162-4310-BB15-9CC864323556}.Ad-Hoc|Any CPU.ActiveCfg = Release|Any CPU
		{D8A58D30-0162-4310-BB15-9CC864323556}.Ad-Hoc|Any CPU.Build.0 = Release|Any CPU
		{D8A58D30-0162-4310-BB15-9CC864323556}.Ad-Hoc|Any CPU.Deploy.0 = Release|Any CPU
		{D8A58D30-0162-4310-BB15-9CC864323556}.Ad-Hoc|ARM.ActiveCfg = Release|ARM
		{D8A58D30-0162-4310-BB15-9CC864323556}.Ad-Hoc|ARM.Build.0 = Release|ARM
		{D8A58D30-0162-4310-BB15-9CC864323556}.Ad-Hoc|ARM.Deploy.0 = Release|ARM
		{D8A58D30-0162-4310-BB15-9CC864323556}.Ad-Hoc|iPhone.ActiveCfg = Release|Any CPU
		{D8A58D30-0162-4310-BB15-9CC864323556}.Ad-Hoc|iPhone.Build.0 = Release|Any CPU
		{D8A58D30-0162-4310-BB15-9CC864323556}.Ad-Hoc|iPhone.Deploy.0 = Release|Any CPU
		{D8A58D30-0162-4310-BB15-9CC864323556}.Ad-Hoc|iPhoneSimulator.ActiveCfg = Release|Any CPU
		{D8A58D30-0162-4310-BB15-9CC864323556}.Ad-Hoc|iPhoneSimulator.Build.0 = Release|Any CPU
		{D8A58D30-0162-4310-BB15-9CC864323556}.Ad-Hoc|iPhoneSimulator.Deploy.0 = Release|Any CPU
		{D8A58D30-0162-4310-BB15-9CC864323556}.Ad-Hoc|x86.ActiveCfg = Release|x86
		{D8A58D30-0162-4310-BB15-9CC864323556}.Ad-Hoc|x86.Build.0 = Release|x86
		{D8A58D30-0162-4310-BB15-9CC864323556}.Ad-Hoc|x86.Deploy.0 = Release|x86
		{D8A58D30-0162-4310-BB15-9CC864323556}.AppStore|Any CPU.ActiveCfg = Release|Any CPU
		{D8A58D30-0162-4310-BB15-9CC864323556}.AppStore|Any CPU.Build.0 = Release|Any CPU
		{D8A58D30-0162-4310-BB15-9CC864323556}.AppStore|Any CPU.Deploy.0 = Release|Any CPU
		{D8A58D30-0162-4310-BB15-9CC864323556}.AppStore|ARM.ActiveCfg = Release|ARM
		{D8A58D30-0162-4310-BB15-9CC864323556}.AppStore|ARM.Build.0 = Release|ARM
		{D8A58D30-0162-4310-BB15-9CC864323556}.AppStore|ARM.Deploy.0 = Release|ARM
		{D8A58D30-0162-4310-BB15-9CC864323556}.AppStore|iPhone.ActiveCfg = Release|Any CPU
		{D8A58D30-0162-4310-BB15-9CC864323556}.AppStore|iPhone.Build.0 = Release|Any CPU
		{D8A58D30-0162-4310-BB15-9CC864323556}.AppStore|iPhone.Deploy.0 = Release|Any CPU
		{D8A58D30-0162-4310-BB15-9CC864323556}.AppStore|iPhoneSimulator.ActiveCfg = Release|Any CPU
		{D8A58D30-0162-4310-BB15-9CC864323556}.AppStore|iPhoneSimulator.Build.0 = Release|Any CPU
		{D8A58D30-0162-4310-BB15-9CC864323556}.AppStore|iPhoneSimulator.Deploy.0 = Release|Any CPU
		{D8A58D30-0162-4310-BB15-9CC864323556}.AppStore|x86.ActiveCfg = Release|x86
		{D8A58D30-0162-4310-BB15-9CC864323556}.AppStore|x86.Build.0 = Release|x86
		{D8A58D30-0162-4310-BB15-9CC864323556}.AppStore|x86.Deploy.0 = Release|x86
		{D8A58D30-0162-4310-BB15-9CC864323556}.Debug|Any CPU.ActiveCfg = Debug|Any CPU
		{D8A58D30-0162-4310-BB15-9CC864323556}.Debug|Any CPU.Build.0 = Debug|Any CPU
		{D8A58D30-0162-4310-BB15-9CC864323556}.Debug|Any CPU.Deploy.0 = Debug|Any CPU
		{D8A58D30-0162-4310-BB15-9CC864323556}.Debug|ARM.ActiveCfg = Debug|ARM
		{D8A58D30-0162-4310-BB15-9CC864323556}.Debug|ARM.Build.0 = Debug|ARM
		{D8A58D30-0162-4310-BB15-9CC864323556}.Debug|ARM.Deploy.0 = Debug|ARM
		{D8A58D30-0162-4310-BB15-9CC864323556}.Debug|iPhone.ActiveCfg = Debug|Any CPU
		{D8A58D30-0162-4310-BB15-9CC864323556}.Debug|iPhone.Build.0 = Debug|Any CPU
		{D8A58D30-0162-4310-BB15-9CC864323556}.Debug|iPhone.Deploy.0 = Debug|Any CPU
		{D8A58D30-0162-4310-BB15-9CC864323556}.Debug|iPhoneSimulator.ActiveCfg = Debug|Any CPU
		{D8A58D30-0162-4310-BB15-9CC864323556}.Debug|iPhoneSimulator.Build.0 = Debug|Any CPU
		{D8A58D30-0162-4310-BB15-9CC864323556}.Debug|iPhoneSimulator.Deploy.0 = Debug|Any CPU
		{D8A58D30-0162-4310-BB15-9CC864323556}.Debug|x86.ActiveCfg = Debug|x86
		{D8A58D30-0162-4310-BB15-9CC864323556}.Debug|x86.Build.0 = Debug|x86
		{D8A58D30-0162-4310-BB15-9CC864323556}.Debug|x86.Deploy.0 = Debug|x86
		{D8A58D30-0162-4310-BB15-9CC864323556}.Release|Any CPU.ActiveCfg = Release|Any CPU
		{D8A58D30-0162-4310-BB15-9CC864323556}.Release|Any CPU.Build.0 = Release|Any CPU
		{D8A58D30-0162-4310-BB15-9CC864323556}.Release|Any CPU.Deploy.0 = Release|Any CPU
		{D8A58D30-0162-4310-BB15-9CC864323556}.Release|ARM.ActiveCfg = Release|ARM
		{D8A58D30-0162-4310-BB15-9CC864323556}.Release|ARM.Build.0 = Release|ARM
		{D8A58D30-0162-4310-BB15-9CC864323556}.Release|ARM.Deploy.0 = Release|ARM
		{D8A58D30-0162-4310-BB15-9CC864323556}.Release|iPhone.ActiveCfg = Release|Any CPU
		{D8A58D30-0162-4310-BB15-9CC864323556}.Release|iPhone.Build.0 = Release|Any CPU
		{D8A58D30-0162-4310-BB15-9CC864323556}.Release|iPhone.Deploy.0 = Release|Any CPU
		{D8A58D30-0162-4310-BB15-9CC864323556}.Release|iPhoneSimulator.ActiveCfg = Release|Any CPU
		{D8A58D30-0162-4310-BB15-9CC864323556}.Release|iPhoneSimulator.Build.0 = Release|Any CPU
		{D8A58D30-0162-4310-BB15-9CC864323556}.Release|iPhoneSimulator.Deploy.0 = Release|Any CPU
		{D8A58D30-0162-4310-BB15-9CC864323556}.Release|x86.ActiveCfg = Release|x86
		{D8A58D30-0162-4310-BB15-9CC864323556}.Release|x86.Build.0 = Release|x86
		{D8A58D30-0162-4310-BB15-9CC864323556}.Release|x86.Deploy.0 = Release|x86
		{DC7DF577-BE3A-4FF2-996C-749C5673F9EE}.Ad-Hoc|Any CPU.ActiveCfg = Release|Any CPU
		{DC7DF577-BE3A-4FF2-996C-749C5673F9EE}.Ad-Hoc|Any CPU.Build.0 = Release|Any CPU
		{DC7DF577-BE3A-4FF2-996C-749C5673F9EE}.Ad-Hoc|ARM.ActiveCfg = Release|Any CPU
		{DC7DF577-BE3A-4FF2-996C-749C5673F9EE}.Ad-Hoc|ARM.Build.0 = Release|Any CPU
		{DC7DF577-BE3A-4FF2-996C-749C5673F9EE}.Ad-Hoc|iPhone.ActiveCfg = Release|Any CPU
		{DC7DF577-BE3A-4FF2-996C-749C5673F9EE}.Ad-Hoc|iPhone.Build.0 = Release|Any CPU
		{DC7DF577-BE3A-4FF2-996C-749C5673F9EE}.Ad-Hoc|iPhoneSimulator.ActiveCfg = Release|Any CPU
		{DC7DF577-BE3A-4FF2-996C-749C5673F9EE}.Ad-Hoc|iPhoneSimulator.Build.0 = Release|Any CPU
		{DC7DF577-BE3A-4FF2-996C-749C5673F9EE}.Ad-Hoc|x86.ActiveCfg = Release|Any CPU
		{DC7DF577-BE3A-4FF2-996C-749C5673F9EE}.Ad-Hoc|x86.Build.0 = Release|Any CPU
		{DC7DF577-BE3A-4FF2-996C-749C5673F9EE}.AppStore|Any CPU.ActiveCfg = Release|Any CPU
		{DC7DF577-BE3A-4FF2-996C-749C5673F9EE}.AppStore|Any CPU.Build.0 = Release|Any CPU
		{DC7DF577-BE3A-4FF2-996C-749C5673F9EE}.AppStore|ARM.ActiveCfg = Release|Any CPU
		{DC7DF577-BE3A-4FF2-996C-749C5673F9EE}.AppStore|ARM.Build.0 = Release|Any CPU
		{DC7DF577-BE3A-4FF2-996C-749C5673F9EE}.AppStore|iPhone.ActiveCfg = Release|Any CPU
		{DC7DF577-BE3A-4FF2-996C-749C5673F9EE}.AppStore|iPhone.Build.0 = Release|Any CPU
		{DC7DF577-BE3A-4FF2-996C-749C5673F9EE}.AppStore|iPhoneSimulator.ActiveCfg = Release|Any CPU
		{DC7DF577-BE3A-4FF2-996C-749C5673F9EE}.AppStore|iPhoneSimulator.Build.0 = Release|Any CPU
		{DC7DF577-BE3A-4FF2-996C-749C5673F9EE}.AppStore|x86.ActiveCfg = Release|Any CPU
		{DC7DF577-BE3A-4FF2-996C-749C5673F9EE}.AppStore|x86.Build.0 = Release|Any CPU
		{DC7DF577-BE3A-4FF2-996C-749C5673F9EE}.Debug|Any CPU.ActiveCfg = Debug|Any CPU
		{DC7DF577-BE3A-4FF2-996C-749C5673F9EE}.Debug|Any CPU.Build.0 = Debug|Any CPU
		{DC7DF577-BE3A-4FF2-996C-749C5673F9EE}.Debug|ARM.ActiveCfg = Debug|Any CPU
		{DC7DF577-BE3A-4FF2-996C-749C5673F9EE}.Debug|ARM.Build.0 = Debug|Any CPU
		{DC7DF577-BE3A-4FF2-996C-749C5673F9EE}.Debug|iPhone.ActiveCfg = Debug|Any CPU
		{DC7DF577-BE3A-4FF2-996C-749C5673F9EE}.Debug|iPhone.Build.0 = Debug|Any CPU
		{DC7DF577-BE3A-4FF2-996C-749C5673F9EE}.Debug|iPhoneSimulator.ActiveCfg = Debug|Any CPU
		{DC7DF577-BE3A-4FF2-996C-749C5673F9EE}.Debug|iPhoneSimulator.Build.0 = Debug|Any CPU
		{DC7DF577-BE3A-4FF2-996C-749C5673F9EE}.Debug|x86.ActiveCfg = Debug|Any CPU
		{DC7DF577-BE3A-4FF2-996C-749C5673F9EE}.Debug|x86.Build.0 = Debug|Any CPU
		{DC7DF577-BE3A-4FF2-996C-749C5673F9EE}.Release|Any CPU.ActiveCfg = Release|Any CPU
		{DC7DF577-BE3A-4FF2-996C-749C5673F9EE}.Release|Any CPU.Build.0 = Release|Any CPU
		{DC7DF577-BE3A-4FF2-996C-749C5673F9EE}.Release|ARM.ActiveCfg = Release|Any CPU
		{DC7DF577-BE3A-4FF2-996C-749C5673F9EE}.Release|ARM.Build.0 = Release|Any CPU
		{DC7DF577-BE3A-4FF2-996C-749C5673F9EE}.Release|iPhone.ActiveCfg = Release|Any CPU
		{DC7DF577-BE3A-4FF2-996C-749C5673F9EE}.Release|iPhone.Build.0 = Release|Any CPU
		{DC7DF577-BE3A-4FF2-996C-749C5673F9EE}.Release|iPhoneSimulator.ActiveCfg = Release|Any CPU
		{DC7DF577-BE3A-4FF2-996C-749C5673F9EE}.Release|iPhoneSimulator.Build.0 = Release|Any CPU
		{DC7DF577-BE3A-4FF2-996C-749C5673F9EE}.Release|x86.ActiveCfg = Release|Any CPU
		{DC7DF577-BE3A-4FF2-996C-749C5673F9EE}.Release|x86.Build.0 = Release|Any CPU
	EndGlobalSection
	GlobalSection(SolutionProperties) = preSolution
		HideSolutionNode = FALSE
	EndGlobalSection
EndGlobal
